
Microsoft Visual Studio Solution File, Format Version 12.00
# Visual Studio Version 16
VisualStudioVersion = 16.0.28803.452
MinimumVisualStudioVersion = 10.0.40219.1
Project("{9A19103F-16F7-4668-BE54-9A1E7A4F7556}") = "Producer", "Producer\Producer.csproj", "{0130ED03-F54A-40FE-92A1-EA3A34ED167D}"
EndProject
Project("{9A19103F-16F7-4668-BE54-9A1E7A4F7556}") = "Consumer", "Consumer\Consumer.csproj", "{1E42D77B-B2AC-4626-82F0-6954EC469DC8}"
EndProject
Global
	GlobalSection(SolutionConfigurationPlatforms) = preSolution
		Debug|Any CPU = Debug|Any CPU
		Release|Any CPU = Release|Any CPU
	EndGlobalSection
	GlobalSection(ProjectConfigurationPlatforms) = postSolution
		{0130ED03-F54A-40FE-92A1-EA3A34ED167D}.Debug|Any CPU.ActiveCfg = Debug|Any CPU
		{0130ED03-F54A-40FE-92A1-EA3A34ED167D}.Debug|Any CPU.Build.0 = Debug|Any CPU
		{0130ED03-F54A-40FE-92A1-EA3A34ED167D}.Release|Any CPU.ActiveCfg = Release|Any CPU
		{0130ED03-F54A-40FE-92A1-EA3A34ED167D}.Release|Any CPU.Build.0 = Release|Any CPU
		{1E42D77B-B2AC-4626-82F0-6954EC469DC8}.Debug|Any CPU.ActiveCfg = Debug|Any CPU
		{1E42D77B-B2AC-4626-82F0-6954EC469DC8}.Debug|Any CPU.Build.0 = Debug|Any CPU
		{1E42D77B-B2AC-4626-82F0-6954EC469DC8}.Release|Any CPU.ActiveCfg = Release|Any CPU
		{1E42D77B-B2AC-4626-82F0-6954EC469DC8}.Release|Any CPU.Build.0 = Release|Any CPU
	EndGlobalSection
	GlobalSection(SolutionProperties) = preSolution
		HideSolutionNode = FALSE
	EndGlobalSection
	GlobalSection(ExtensibilityGlobals) = postSolution
		SolutionGuid = {CCAC13F0-CC41-482B-820B-13251920634E}
	EndGlobalSection
EndGlobal
